
Microsoft Visual Studio Solution File, Format Version 12.00
# Visual Studio Version 17
VisualStudioVersion = 17.14.36623.8 d17.14
MinimumVisualStudioVersion = 10.0.40219.1
Project("{FAE04EC0-301F-11D3-BF4B-00C04F79EFBC}") = "MCP .NET Conf 2025", "MCP .NET Conf 2025.csproj", "{BECEA8C0-3251-4D1E-A798-5718D28274B3}"
EndProject
Global
	GlobalSection(SolutionConfigurationPlatforms) = preSolution
		Debug|Any CPU = Debug|Any CPU
		Release|Any CPU = Release|Any CPU
	EndGlobalSection
	GlobalSection(ProjectConfigurationPlatforms) = postSolution
		{BECEA8C0-3251-4D1E-A798-5718D28274B3}.Debug|Any CPU.ActiveCfg = Debug|Any CPU
		{BECEA8C0-3251-4D1E-A798-5718D28274B3}.Debug|Any CPU.Build.0 = Debug|Any CPU
		{BECEA8C0-3251-4D1E-A798-5718D28274B3}.Release|Any CPU.ActiveCfg = Release|Any CPU
		{BECEA8C0-3251-4D1E-A798-5718D28274B3}.Release|Any CPU.Build.0 = Release|Any CPU
	EndGlobalSection
	GlobalSection(SolutionProperties) = preSolution
		HideSolutionNode = FALSE
	EndGlobalSection
	GlobalSection(ExtensibilityGlobals) = postSolution
		SolutionGuid = {4126C2E4-5373-44AD-9723-983CC60115BD}
	EndGlobalSection
EndGlobal
